
Microsoft Visual Studio Solution File, Format Version 12.00
# Visual Studio 15
VisualStudioVersion = 15.0.25928.0
MinimumVisualStudioVersion = 10.0.40219.1
Project("{FAE04EC0-301F-11D3-BF4B-00C04F79EFBC}") = "CReview", "CReview\CReview.csproj", "{6B85B2AB-628B-4F19-B0E7-A08D00600767}"
EndProject
Project("{FAE04EC0-301F-11D3-BF4B-00C04F79EFBC}") = "CReview.Tests", "CReview.Tests\CReview.Tests.csproj", "{AC17A0BC-0490-4B1F-B9A8-C96551FB73C2}"
EndProject
Project("{2150E333-8FDC-42A3-9474-1A3956D46DE8}") = "CodeAnalyzers", "CodeAnalyzers", "{61B006F7-671E-47CF-96EE-BB99B1C1734E}"
EndProject
Project("{FAE04EC0-301F-11D3-BF4B-00C04F79EFBC}") = "CReview.CodeAnalizers.Interfaces", "CodeAnalyzers\CReview.CodeAnalizers.Interfaces\CReview.CodeAnalizers.Interfaces.csproj", "{91DF5EED-E1C4-4401-BCC0-7A934FEFE17F}"
EndProject
Project("{FAE04EC0-301F-11D3-BF4B-00C04F79EFBC}") = "CReview.CodeAnalyzers", "CodeAnalyzers\CReview.CodeAnalyzers\CReview.CodeAnalyzers.csproj", "{49600FA6-70D3-447F-B970-258715DCF58A}"
EndProject
Project("{FAE04EC0-301F-11D3-BF4B-00C04F79EFBC}") = "CReview.CodeAnalyzers.Models", "CodeAnalyzers\CReview.CodeAnalyzers.Models\CReview.CodeAnalyzers.Models.csproj", "{E161CDA1-F289-4BE8-A25D-AEDB36E79EC4}"
EndProject
Global
	GlobalSection(SolutionConfigurationPlatforms) = preSolution
		Debug|Any CPU = Debug|Any CPU
		Release|Any CPU = Release|Any CPU
	EndGlobalSection
	GlobalSection(ProjectConfigurationPlatforms) = postSolution
		{6B85B2AB-628B-4F19-B0E7-A08D00600767}.Debug|Any CPU.ActiveCfg = Debug|Any CPU
		{6B85B2AB-628B-4F19-B0E7-A08D00600767}.Debug|Any CPU.Build.0 = Debug|Any CPU
		{6B85B2AB-628B-4F19-B0E7-A08D00600767}.Release|Any CPU.ActiveCfg = Release|Any CPU
		{6B85B2AB-628B-4F19-B0E7-A08D00600767}.Release|Any CPU.Build.0 = Release|Any CPU
		{AC17A0BC-0490-4B1F-B9A8-C96551FB73C2}.Debug|Any CPU.ActiveCfg = Debug|Any CPU
		{AC17A0BC-0490-4B1F-B9A8-C96551FB73C2}.Debug|Any CPU.Build.0 = Debug|Any CPU
		{AC17A0BC-0490-4B1F-B9A8-C96551FB73C2}.Release|Any CPU.ActiveCfg = Release|Any CPU
		{AC17A0BC-0490-4B1F-B9A8-C96551FB73C2}.Release|Any CPU.Build.0 = Release|Any CPU
		{91DF5EED-E1C4-4401-BCC0-7A934FEFE17F}.Debug|Any CPU.ActiveCfg = Debug|Any CPU
		{91DF5EED-E1C4-4401-BCC0-7A934FEFE17F}.Debug|Any CPU.Build.0 = Debug|Any CPU
		{91DF5EED-E1C4-4401-BCC0-7A934FEFE17F}.Release|Any CPU.ActiveCfg = Release|Any CPU
		{91DF5EED-E1C4-4401-BCC0-7A934FEFE17F}.Release|Any CPU.Build.0 = Release|Any CPU
		{49600FA6-70D3-447F-B970-258715DCF58A}.Debug|Any CPU.ActiveCfg = Debug|Any CPU
		{49600FA6-70D3-447F-B970-258715DCF58A}.Debug|Any CPU.Build.0 = Debug|Any CPU
		{49600FA6-70D3-447F-B970-258715DCF58A}.Release|Any CPU.ActiveCfg = Release|Any CPU
		{49600FA6-70D3-447F-B970-258715DCF58A}.Release|Any CPU.Build.0 = Release|Any CPU
		{E161CDA1-F289-4BE8-A25D-AEDB36E79EC4}.Debug|Any CPU.ActiveCfg = Debug|Any CPU
		{E161CDA1-F289-4BE8-A25D-AEDB36E79EC4}.Debug|Any CPU.Build.0 = Debug|Any CPU
		{E161CDA1-F289-4BE8-A25D-AEDB36E79EC4}.Release|Any CPU.ActiveCfg = Release|Any CPU
		{E161CDA1-F289-4BE8-A25D-AEDB36E79EC4}.Release|Any CPU.Build.0 = Release|Any CPU
	EndGlobalSection
	GlobalSection(SolutionProperties) = preSolution
		HideSolutionNode = FALSE
	EndGlobalSection
	GlobalSection(NestedProjects) = preSolution
		{91DF5EED-E1C4-4401-BCC0-7A934FEFE17F} = {61B006F7-671E-47CF-96EE-BB99B1C1734E}
		{49600FA6-70D3-447F-B970-258715DCF58A} = {61B006F7-671E-47CF-96EE-BB99B1C1734E}
		{E161CDA1-F289-4BE8-A25D-AEDB36E79EC4} = {61B006F7-671E-47CF-96EE-BB99B1C1734E}
	EndGlobalSection
EndGlobal
